
Microsoft Visual Studio Solution File, Format Version 12.00
# Visual Studio 15
VisualStudioVersion = 15.0.27428.2037
MinimumVisualStudioVersion = 10.0.40219.1
Project("{FAE04EC0-301F-11D3-BF4B-00C04F79EFBC}") = "Aplicacion.DALC", "Aplicacion.DALC\Aplicacion.DALC.csproj", "{8F92763E-35F9-4318-891A-FB80B2A8A1D9}"
EndProject
Project("{FAE04EC0-301F-11D3-BF4B-00C04F79EFBC}") = "Aplicacion.Vista", "Aplicacion.Vista\Aplicacion.Vista.csproj", "{4D63E1C6-CB8D-4DD9-A385-2DB1EEB4643D}"
EndProject
Global
	GlobalSection(SolutionConfigurationPlatforms) = preSolution
		Debug|Any CPU = Debug|Any CPU
		Release|Any CPU = Release|Any CPU
	EndGlobalSection
	GlobalSection(ProjectConfigurationPlatforms) = postSolution
		{8F92763E-35F9-4318-891A-FB80B2A8A1D9}.Debug|Any CPU.ActiveCfg = Debug|Any CPU
		{8F92763E-35F9-4318-891A-FB80B2A8A1D9}.Debug|Any CPU.Build.0 = Debug|Any CPU
		{8F92763E-35F9-4318-891A-FB80B2A8A1D9}.Release|Any CPU.ActiveCfg = Release|Any CPU
		{8F92763E-35F9-4318-891A-FB80B2A8A1D9}.Release|Any CPU.Build.0 = Release|Any CPU
		{4D63E1C6-CB8D-4DD9-A385-2DB1EEB4643D}.Debug|Any CPU.ActiveCfg = Debug|Any CPU
		{4D63E1C6-CB8D-4DD9-A385-2DB1EEB4643D}.Debug|Any CPU.Build.0 = Debug|Any CPU
		{4D63E1C6-CB8D-4DD9-A385-2DB1EEB4643D}.Release|Any CPU.ActiveCfg = Release|Any CPU
		{4D63E1C6-CB8D-4DD9-A385-2DB1EEB4643D}.Release|Any CPU.Build.0 = Release|Any CPU
	EndGlobalSection
	GlobalSection(SolutionProperties) = preSolution
		HideSolutionNode = FALSE
	EndGlobalSection
	GlobalSection(ExtensibilityGlobals) = postSolution
		SolutionGuid = {D86E7F68-355E-4059-BF74-D6662BED3094}
	EndGlobalSection
EndGlobal
